<?xml version="1.0" encoding="UTF-8"?>
<!DOCTYPE plist PUBLIC "-//Apple//DTD PLIST 1.0//EN" "http://www.apple.com/DTDs/PropertyList-1.0.dtd">
<plist version="1.0">
<dict>
	<key>archiveVersion</key>
	<string>1</string>
	<key>classes</key>
	<dict/>
	<key>objectVersion</key>
	<string>46</string>
	<key>objects</key>
	<dict>
		<key>4C5CCF4528D13027D118C1D4</key>
		<dict>
			<key>buildActionMask</key>
			<string>2147483647</string>
			<key>files</key>
			<array/>
			<key>inputPaths</key>
			<array/>
			<key>isa</key>
			<string>PBXShellScriptBuildPhase</string>
			<key>name</key>
			<string>Find unused imports</string>
			<key>outputPaths</key>
			<array/>
			<key>runOnlyForDeploymentPostprocessing</key>
			<string>0</string>
			<key>shellPath</key>
			<string>/bin/sh</string>
			<key>shellScript</key>
			<string>/bin/sh "/Users/leichunfeng/Library/Application Support/Developer/Shared/Xcode/Plug-ins/xcfui.xcplugin/Contents/Resources/fui_script.sh" "/Users/leichunfeng/workspace/github/VVDocumenter-Xcode"</string>
			<key>showEnvVarsInLog</key>
			<string>1</string>
		</dict>
		<key>53C67935184501030030C553</key>
		<dict>
			<key>fileRef</key>
			<string>893D8F7F18262EF500E8A00C</string>
			<key>isa</key>
			<string>PBXBuildFile</string>
		</dict>
		<key>893D8F7F18262EF500E8A00C</key>
		<dict>
			<key>isa</key>
			<string>PBXFileReference</string>
			<key>lastKnownFileType</key>
			<string>wrapper.framework</string>
			<key>name</key>
			<string>Carbon.framework</string>
			<key>path</key>
			<string>System/Library/Frameworks/Carbon.framework</string>
			<key>sourceTree</key>
			<string>SDKROOT</string>
		</dict>
		<key>893D8F8018262EF500E8A00C</key>
		<dict>
			<key>fileRef</key>
			<string>893D8F7F18262EF500E8A00C</string>
			<key>isa</key>
			<string>PBXBuildFile</string>
		</dict>
		<key>D114BEDB179644D00043FA65</key>
		<dict>
			<key>children</key>
			<array>
				<string>D1737634198A4C5400FE2355</string>
				<string>D1C462F217999CEC00EB7B23</string>
				<string>D114BEDC179644D00043FA65</string>
				<string>D114BEDF179644D00043FA65</string>
				<string>D1737638198A4CF700FE2355</string>
				<string>D1737639198A4CF700FE2355</string>
			</array>
			<key>isa</key>
			<string>PBXGroup</string>
			<key>path</key>
			<string>OCCategory</string>
			<key>sourceTree</key>
			<string>&lt;group&gt;</string>
		</dict>
		<key>D114BEDC179644D00043FA65</key>
		<dict>
			<key>children</key>
			<array>
				<string>D114BEDD179644D00043FA65</string>
				<string>D114BEDE179644D00043FA65</string>
			</array>
			<key>isa</key>
			<string>PBXGroup</string>
			<key>path</key>
			<string>NSString+PDRegex</string>
			<key>sourceTree</key>
			<string>&lt;group&gt;</string>
		</dict>
		<key>D114BEDD179644D00043FA65</key>
		<dict>
			<key>fileEncoding</key>
			<string>4</string>
			<key>isa</key>
			<string>PBXFileReference</string>
			<key>lastKnownFileType</key>
			<string>sourcecode.c.h</string>
			<key>path</key>
			<string>NSString+PDRegex.h</string>
			<key>sourceTree</key>
			<string>&lt;group&gt;</string>
		</dict>
		<key>D114BEDE179644D00043FA65</key>
		<dict>
			<key>fileEncoding</key>
			<string>4</string>
			<key>isa</key>
			<string>PBXFileReference</string>
			<key>lastKnownFileType</key>
			<string>sourcecode.c.objc</string>
			<key>path</key>
			<string>NSString+PDRegex.m</string>
			<key>sourceTree</key>
			<string>&lt;group&gt;</string>
		</dict>
		<key>D114BEDF179644D00043FA65</key>
		<dict>
			<key>children</key>
			<array>
				<string>D114BEE1179644FA0043FA65</string>
				<string>D114BEE2179644FA0043FA65</string>
			</array>
			<key>isa</key>
			<string>PBXGroup</string>
			<key>path</key>
			<string>NSTextView+VVTextGetter</string>
			<key>sourceTree</key>
			<string>&lt;group&gt;</string>
		</dict>
		<key>D114BEE0179644D00043FA65</key>
		<dict>
			<key>fileRef</key>
			<string>D114BEDE179644D00043FA65</string>
			<key>isa</key>
			<string>PBXBuildFile</string>
		</dict>
		<key>D114BEE1179644FA0043FA65</key>
		<dict>
			<key>fileEncoding</key>
			<string>4</string>
			<key>isa</key>
			<string>PBXFileReference</string>
			<key>lastKnownFileType</key>
			<string>sourcecode.c.h</string>
			<key>path</key>
			<string>NSTextView+VVTextGetter.h</string>
			<key>sourceTree</key>
			<string>&lt;group&gt;</string>
		</dict>
		<key>D114BEE2179644FA0043FA65</key>
		<dict>
			<key>fileEncoding</key>
			<string>4</string>
			<key>isa</key>
			<string>PBXFileReference</string>
			<key>lastKnownFileType</key>
			<string>sourcecode.c.objc</string>
			<key>path</key>
			<string>NSTextView+VVTextGetter.m</string>
			<key>sourceTree</key>
			<string>&lt;group&gt;</string>
		</dict>
		<key>D114BEE3179644FA0043FA65</key>
		<dict>
			<key>fileRef</key>
			<string>D114BEE2179644FA0043FA65</string>
			<key>isa</key>
			<string>PBXBuildFile</string>
		</dict>
		<key>D11C542A17999D9000D3DE38</key>
		<dict>
			<key>fileEncoding</key>
			<string>4</string>
			<key>isa</key>
			<string>PBXFileReference</string>
			<key>lastKnownFileType</key>
			<string>sourcecode.c.h</string>
			<key>path</key>
			<string>VVArgument.h</string>
			<key>sourceTree</key>
			<string>&lt;group&gt;</string>
		</dict>
		<key>D11C542B17999D9000D3DE38</key>
		<dict>
			<key>fileEncoding</key>
			<string>4</string>
			<key>isa</key>
			<string>PBXFileReference</string>
			<key>lastKnownFileType</key>
			<string>sourcecode.c.objc</string>
			<key>path</key>
			<string>VVArgument.m</string>
			<key>sourceTree</key>
			<string>&lt;group&gt;</string>
		</dict>
		<key>D11C542C17999D9000D3DE38</key>
		<dict>
			<key>fileEncoding</key>
			<string>4</string>
			<key>isa</key>
			<string>PBXFileReference</string>
			<key>lastKnownFileType</key>
			<string>sourcecode.c.h</string>
			<key>path</key>
			<string>VVCommenter.h</string>
			<key>sourceTree</key>
			<string>&lt;group&gt;</string>
		</dict>
		<key>D11C542D17999D9000D3DE38</key>
		<dict>
			<key>fileRef</key>
			<string>D11C542B17999D9000D3DE38</string>
			<key>isa</key>
			<string>PBXBuildFile</string>
		</dict>
		<key>D124614217AC16820095F9D6</key>
		<dict>
			<key>fileEncoding</key>
			<string>4</string>
			<key>isa</key>
			<string>PBXFileReference</string>
			<key>lastKnownFileType</key>
			<string>sourcecode.c.h</string>
			<key>name</key>
			<string>VVDocumenterSetting.h</string>
			<key>path</key>
			<string>VVDocumenter-Xcode/Setting/VVDocumenterSetting.h</string>
			<key>sourceTree</key>
			<string>SOURCE_ROOT</string>
		</dict>
		<key>D124614317AC16820095F9D6</key>
		<dict>
			<key>fileEncoding</key>
			<string>4</string>
			<key>isa</key>
			<string>PBXFileReference</string>
			<key>lastKnownFileType</key>
			<string>sourcecode.c.objc</string>
			<key>name</key>
			<string>VVDocumenterSetting.m</string>
			<key>path</key>
			<string>VVDocumenter-Xcode/Setting/VVDocumenterSetting.m</string>
			<key>sourceTree</key>
			<string>SOURCE_ROOT</string>
		</dict>
		<key>D124614417AC16820095F9D6</key>
		<dict>
			<key>fileEncoding</key>
			<string>4</string>
			<key>isa</key>
			<string>PBXFileReference</string>
			<key>lastKnownFileType</key>
			<string>sourcecode.c.h</string>
			<key>name</key>
			<string>VVDSettingPanelWindowController.h</string>
			<key>path</key>
			<string>VVDocumenter-Xcode/Setting/VVDSettingPanelWindowController.h</string>
			<key>sourceTree</key>
			<string>SOURCE_ROOT</string>
		</dict>
		<key>D124614517AC16820095F9D6</key>
		<dict>
			<key>fileEncoding</key>
			<string>4</string>
			<key>isa</key>
			<string>PBXFileReference</string>
			<key>lastKnownFileType</key>
			<string>sourcecode.c.objc</string>
			<key>name</key>
			<string>VVDSettingPanelWindowController.m</string>
			<key>path</key>
			<string>VVDocumenter-Xcode/Setting/VVDSettingPanelWindowController.m</string>
			<key>sourceTree</key>
			<string>SOURCE_ROOT</string>
		</dict>
		<key>D124614617AC16820095F9D6</key>
		<dict>
			<key>fileEncoding</key>
			<string>4</string>
			<key>isa</key>
			<string>PBXFileReference</string>
			<key>lastKnownFileType</key>
			<string>file.xib</string>
			<key>name</key>
			<string>VVDSettingPanelWindowController.xib</string>
			<key>path</key>
			<string>VVDocumenter-Xcode/Setting/VVDSettingPanelWindowController.xib</string>
			<key>sourceTree</key>
			<string>SOURCE_ROOT</string>
		</dict>
		<key>D124614717AC16820095F9D6</key>
		<dict>
			<key>fileRef</key>
			<string>D124614317AC16820095F9D6</string>
			<key>isa</key>
			<string>PBXBuildFile</string>
		</dict>
		<key>D124614817AC16820095F9D6</key>
		<dict>
			<key>fileRef</key>
			<string>D124614517AC16820095F9D6</string>
			<key>isa</key>
			<string>PBXBuildFile</string>
		</dict>
		<key>D124614917AC16820095F9D6</key>
		<dict>
			<key>fileRef</key>
			<string>D124614617AC16820095F9D6</string>
			<key>isa</key>
			<string>PBXBuildFile</string>
		</dict>
		<key>D13EDDD71987F34C0029A555</key>
		<dict>
			<key>fileEncoding</key>
			<string>4</string>
			<key>isa</key>
			<string>PBXFileReference</string>
			<key>lastKnownFileType</key>
			<string>sourcecode.c.h</string>
			<key>path</key>
			<string>VVSwiftFunctionCommenter.h</string>
			<key>sourceTree</key>
			<string>&lt;group&gt;</string>
		</dict>
		<key>D13EDDD81987F34C0029A555</key>
		<dict>
			<key>fileEncoding</key>
			<string>4</string>
			<key>isa</key>
			<string>PBXFileReference</string>
			<key>lastKnownFileType</key>
			<string>sourcecode.c.objc</string>
			<key>path</key>
			<string>VVSwiftFunctionCommenter.m</string>
			<key>sourceTree</key>
			<string>&lt;group&gt;</string>
		</dict>
		<key>D13EDDD91987F34C0029A555</key>
		<dict>
			<key>fileRef</key>
			<string>D13EDDD81987F34C0029A555</string>
			<key>isa</key>
			<string>PBXBuildFile</string>
		</dict>
		<key>D14070C318CE8819009B0EED</key>
		<dict>
			<key>isa</key>
			<string>PBXFileReference</string>
			<key>lastKnownFileType</key>
			<string>wrapper.framework</string>
			<key>name</key>
			<string>XCTest.framework</string>
			<key>path</key>
			<string>Library/Frameworks/XCTest.framework</string>
			<key>sourceTree</key>
			<string>DEVELOPER_DIR</string>
		</dict>
		<key>D14070C418CE8819009B0EED</key>
		<dict>
			<key>fileRef</key>
			<string>D14070C318CE8819009B0EED</string>
			<key>isa</key>
			<string>PBXBuildFile</string>
		</dict>
		<key>D14110A61988C07E00A7083F</key>
		<dict>
			<key>fileRef</key>
			<string>D1C462EC17999C9A00EB7B23</string>
			<key>isa</key>
			<string>PBXBuildFile</string>
		</dict>
		<key>D14110A71988C08700A7083F</key>
		<dict>
			<key>fileRef</key>
			<string>D1C462E517999C2000EB7B23</string>
			<key>isa</key>
			<string>PBXBuildFile</string>
		</dict>
		<key>D14110A81988C12000A7083F</key>
		<dict>
			<key>fileRef</key>
			<string>D11C542B17999D9000D3DE38</string>
			<key>isa</key>
			<string>PBXBuildFile</string>
		</dict>
		<key>D14110A91988C12000A7083F</key>
		<dict>
			<key>fileRef</key>
			<string>D16AFCD31796E088006719AA</string>
			<key>isa</key>
			<string>PBXBuildFile</string>
		</dict>
		<key>D14110AA1988C12000A7083F</key>
		<dict>
			<key>fileRef</key>
			<string>D16AFCD61796E09E006719AA</string>
			<key>isa</key>
			<string>PBXBuildFile</string>
		</dict>
		<key>D14110AB1988C12000A7083F</key>
		<dict>
			<key>fileRef</key>
			<string>D16AFCD91796E0AC006719AA</string>
			<key>isa</key>
			<string>PBXBuildFile</string>
		</dict>
		<key>D14110AC1988C12000A7083F</key>
		<dict>
			<key>fileRef</key>
			<string>D16AFCDC1796E0B9006719AA</string>
			<key>isa</key>
			<string>PBXBuildFile</string>
		</dict>
		<key>D14110AD1988C12000A7083F</key>
		<dict>
			<key>fileRef</key>
			<string>D13EDDD81987F34C0029A555</string>
			<key>isa</key>
			<string>PBXBuildFile</string>
		</dict>
		<key>D14110AE1988C12000A7083F</key>
		<dict>
			<key>fileRef</key>
			<string>D16AFCDF1796E0C0006719AA</string>
			<key>isa</key>
			<string>PBXBuildFile</string>
		</dict>
		<key>D14110AF1988C12000A7083F</key>
		<dict>
			<key>fileRef</key>
			<string>D16AFCE21796E0C9006719AA</string>
			<key>isa</key>
			<string>PBXBuildFile</string>
		</dict>
		<key>D14110B01988C12000A7083F</key>
		<dict>
			<key>fileRef</key>
			<string>D16AFCE51796E0D0006719AA</string>
			<key>isa</key>
			<string>PBXBuildFile</string>
		</dict>
		<key>D14110B11988C12000A7083F</key>
		<dict>
			<key>fileRef</key>
			<string>D16AFCE81796E0D6006719AA</string>
			<key>isa</key>
			<string>PBXBuildFile</string>
		</dict>
		<key>D14110B21988C12F00A7083F</key>
		<dict>
			<key>fileRef</key>
			<string>D1D66CA717A2AEF000E62F99</string>
			<key>isa</key>
			<string>PBXBuildFile</string>
		</dict>
		<key>D14110B31988C12F00A7083F</key>
		<dict>
			<key>fileRef</key>
			<string>D1C462F417999CEC00EB7B23</string>
			<key>isa</key>
			<string>PBXBuildFile</string>
		</dict>
		<key>D14110B41988C12F00A7083F</key>
		<dict>
			<key>fileRef</key>
			<string>D114BEDE179644D00043FA65</string>
			<key>isa</key>
			<string>PBXBuildFile</string>
		</dict>
		<key>D14110B51988C12F00A7083F</key>
		<dict>
			<key>fileRef</key>
			<string>D114BEE2179644FA0043FA65</string>
			<key>isa</key>
			<string>PBXBuildFile</string>
		</dict>
		<key>D14110B61988C12F00A7083F</key>
		<dict>
			<key>fileRef</key>
			<string>D16917DE17955C8D0036C06B</string>
			<key>isa</key>
			<string>PBXBuildFile</string>
		</dict>
		<key>D14110B71988C12F00A7083F</key>
		<dict>
			<key>fileRef</key>
			<string>D1AC3B8E1796DB070063A484</string>
			<key>isa</key>
			<string>PBXBuildFile</string>
		</dict>
		<key>D14110B81988C14500A7083F</key>
		<dict>
			<key>fileRef</key>
			<string>D124614317AC16820095F9D6</string>
			<key>isa</key>
			<string>PBXBuildFile</string>
		</dict>
		<key>D14110B91988C14500A7083F</key>
		<dict>
			<key>fileRef</key>
			<string>D124614517AC16820095F9D6</string>
			<key>isa</key>
			<string>PBXBuildFile</string>
		</dict>
		<key>D14380EA179551B900C829CE</key>
		<dict>
			<key>children</key>
			<array>
				<string>D14380FC179551B900C829CE</string>
				<string>D1C462DE17999C2000EB7B23</string>
				<string>D14380F5179551B900C829CE</string>
				<string>D14380F4179551B900C829CE</string>
			</array>
			<key>isa</key>
			<string>PBXGroup</string>
			<key>sourceTree</key>
			<string>&lt;group&gt;</string>
		</dict>
		<key>D14380EB179551B900C829CE</key>
		<dict>
			<key>attributes</key>
			<dict>
				<key>LastTestingUpgradeCheck</key>
				<string>0510</string>
				<key>LastUpgradeCheck</key>
				<string>0500</string>
				<key>ORGANIZATIONNAME</key>
				<string>OneV's Den</string>
			</dict>
			<key>buildConfigurationList</key>
			<string>D14380EE179551B900C829CE</string>
			<key>compatibilityVersion</key>
			<string>Xcode 3.2</string>
			<key>developmentRegion</key>
			<string>English</string>
			<key>hasScannedForEncodings</key>
			<string>0</string>
			<key>isa</key>
			<string>PBXProject</string>
			<key>knownRegions</key>
			<array>
				<string>en</string>
			</array>
			<key>mainGroup</key>
			<string>D14380EA179551B900C829CE</string>
			<key>productRefGroup</key>
			<string>D14380F4179551B900C829CE</string>
			<key>projectDirPath</key>
			<string></string>
			<key>projectReferences</key>
			<array/>
			<key>projectRoot</key>
			<string></string>
			<key>targets</key>
			<array>
				<string>D14380F2179551B900C829CE</string>
				<string>D1C462D917999C2000EB7B23</string>
			</array>
		</dict>
		<key>D14380EE179551B900C829CE</key>
		<dict>
			<key>buildConfigurations</key>
			<array>
				<string>D1438103179551B900C829CE</string>
				<string>D1438104179551B900C829CE</string>
			</array>
			<key>defaultConfigurationIsVisible</key>
			<string>0</string>
			<key>defaultConfigurationName</key>
			<string>Release</string>
			<key>isa</key>
			<string>XCConfigurationList</string>
		</dict>
		<key>D14380EF179551B900C829CE</key>
		<dict>
			<key>buildActionMask</key>
			<string>2147483647</string>
			<key>files</key>
			<array>
				<string>D18224DC17956290001A5E8A</string>
				<string>D114BEE0179644D00043FA65</string>
				<string>D114BEE3179644FA0043FA65</string>
				<string>D1AC3B8F1796DB070063A484</string>
				<string>D16AFCD41796E088006719AA</string>
				<string>D1A6B1D0198A0D8600BCED83</string>
				<string>D16AFCD71796E09E006719AA</string>
				<string>D16AFCDA1796E0AC006719AA</string>
				<string>D16AFCDD1796E0B9006719AA</string>
				<string>D13EDDD91987F34C0029A555</string>
				<string>D16AFCE01796E0C0006719AA</string>
				<string>D16AFCE31796E0C9006719AA</string>
				<string>D16AFCE61796E0D0006719AA</string>
				<string>D16AFCE91796E0D6006719AA</string>
				<string>D1C462F517999CEC00EB7B23</string>
				<string>D1737637198A4C8A00FE2355</string>
				<string>D1C6124819891B3700FDB554</string>
				<string>D11C542D17999D9000D3DE38</string>
				<string>D1D66CA817A2AEF000E62F99</string>
				<string>D173763A198A4CF700FE2355</string>
				<string>D124614717AC16820095F9D6</string>
				<string>D124614817AC16820095F9D6</string>
			</array>
			<key>isa</key>
			<string>PBXSourcesBuildPhase</string>
			<key>runOnlyForDeploymentPostprocessing</key>
			<string>0</string>
		</dict>
		<key>D14380F0179551B900C829CE</key>
		<dict>
			<key>buildActionMask</key>
			<string>2147483647</string>
			<key>files</key>
			<array>
				<string>893D8F8018262EF500E8A00C</string>
				<string>D14380F7179551B900C829CE</string>
			</array>
			<key>isa</key>
			<string>PBXFrameworksBuildPhase</string>
			<key>runOnlyForDeploymentPostprocessing</key>
			<string>0</string>
		</dict>
		<key>D14380F1179551B900C829CE</key>
		<dict>
			<key>buildActionMask</key>
			<string>2147483647</string>
			<key>files</key>
			<array>
				<string>D1438101179551B900C829CE</string>
				<string>D124614917AC16820095F9D6</string>
			</array>
			<key>isa</key>
			<string>PBXResourcesBuildPhase</string>
			<key>runOnlyForDeploymentPostprocessing</key>
			<string>0</string>
		</dict>
		<key>D14380F2179551B900C829CE</key>
		<dict>
			<key>buildConfigurationList</key>
			<string>D1438105179551B900C829CE</string>
			<key>buildPhases</key>
			<array>
				<string>D14380EF179551B900C829CE</string>
				<string>D14380F0179551B900C829CE</string>
				<string>D14380F1179551B900C829CE</string>
				<string>4C5CCF4528D13027D118C1D4</string>
			</array>
			<key>buildRules</key>
			<array/>
			<key>dependencies</key>
			<array/>
			<key>isa</key>
			<string>PBXNativeTarget</string>
			<key>name</key>
			<string>VVDocumenter-Xcode</string>
			<key>productName</key>
			<string>VVDocumenter-Xcode</string>
			<key>productReference</key>
			<string>D14380F3179551B900C829CE</string>
			<key>productType</key>
			<string>com.apple.product-type.bundle</string>
		</dict>
		<key>D14380F3179551B900C829CE</key>
		<dict>
			<key>explicitFileType</key>
			<string>wrapper.cfbundle</string>
			<key>includeInIndex</key>
			<string>0</string>
			<key>isa</key>
			<string>PBXFileReference</string>
			<key>path</key>
			<string>VVDocumenter-Xcode.xcplugin</string>
			<key>sourceTree</key>
			<string>BUILT_PRODUCTS_DIR</string>
		</dict>
		<key>D14380F4179551B900C829CE</key>
		<dict>
			<key>children</key>
			<array>
				<string>D14380F3179551B900C829CE</string>
				<string>D1C462DA17999C2000EB7B23</string>
			</array>
			<key>isa</key>
			<string>PBXGroup</string>
			<key>name</key>
			<string>Products</string>
			<key>sourceTree</key>
			<string>&lt;group&gt;</string>
		</dict>
		<key>D14380F5179551B900C829CE</key>
		<dict>
			<key>children</key>
			<array>
				<string>D14070C318CE8819009B0EED</string>
				<string>893D8F7F18262EF500E8A00C</string>
				<string>D14380F6179551B900C829CE</string>
				<string>D14380F8179551B900C829CE</string>
			</array>
			<key>isa</key>
			<string>PBXGroup</string>
			<key>name</key>
			<string>Frameworks</string>
			<key>sourceTree</key>
			<string>&lt;group&gt;</string>
		</dict>
		<key>D14380F6179551B900C829CE</key>
		<dict>
			<key>isa</key>
			<string>PBXFileReference</string>
			<key>lastKnownFileType</key>
			<string>wrapper.framework</string>
			<key>name</key>
			<string>Cocoa.framework</string>
			<key>path</key>
			<string>System/Library/Frameworks/Cocoa.framework</string>
			<key>sourceTree</key>
			<string>SDKROOT</string>
		</dict>
		<key>D14380F7179551B900C829CE</key>
		<dict>
			<key>fileRef</key>
			<string>D14380F6179551B900C829CE</string>
			<key>isa</key>
			<string>PBXBuildFile</string>
		</dict>
		<key>D14380F8179551B900C829CE</key>
		<dict>
			<key>children</key>
			<array>
				<string>D14380F9179551B900C829CE</string>
				<string>D14380FA179551B900C829CE</string>
				<string>D14380FB179551B900C829CE</string>
			</array>
			<key>isa</key>
			<string>PBXGroup</string>
			<key>name</key>
			<string>Other Frameworks</string>
			<key>sourceTree</key>
			<string>&lt;group&gt;</string>
		</dict>
		<key>D14380F9179551B900C829CE</key>
		<dict>
			<key>isa</key>
			<string>PBXFileReference</string>
			<key>lastKnownFileType</key>
			<string>wrapper.framework</string>
			<key>name</key>
			<string>AppKit.framework</string>
			<key>path</key>
			<string>System/Library/Frameworks/AppKit.framework</string>
			<key>sourceTree</key>
			<string>SDKROOT</string>
		</dict>
		<key>D14380FA179551B900C829CE</key>
		<dict>
			<key>isa</key>
			<string>PBXFileReference</string>
			<key>lastKnownFileType</key>
			<string>wrapper.framework</string>
			<key>name</key>
			<string>CoreData.framework</string>
			<key>path</key>
			<string>System/Library/Frameworks/CoreData.framework</string>
			<key>sourceTree</key>
			<string>SDKROOT</string>
		</dict>
		<key>D14380FB179551B900C829CE</key>
		<dict>
			<key>isa</key>
			<string>PBXFileReference</string>
			<key>lastKnownFileType</key>
			<string>wrapper.framework</string>
			<key>name</key>
			<string>Foundation.framework</string>
			<key>path</key>
			<string>System/Library/Frameworks/Foundation.framework</string>
			<key>sourceTree</key>
			<string>SDKROOT</string>
		</dict>
		<key>D14380FC179551B900C829CE</key>
		<dict>
			<key>children</key>
			<array>
				<string>D193B8C917AC0C2400D2D76A</string>
				<string>D1D66CA517A2AED700E62F99</string>
				<string>D16AFCD11796E068006719AA</string>
				<string>D114BEDB179644D00043FA65</string>
				<string>D14380FD179551B900C829CE</string>
				<string>D16917DD17955C8D0036C06B</string>
				<string>D16917DE17955C8D0036C06B</string>
				<string>D1AC3B8D1796DB070063A484</string>
				<string>D1AC3B8E1796DB070063A484</string>
			</array>
			<key>isa</key>
			<string>PBXGroup</string>
			<key>path</key>
			<string>VVDocumenter-Xcode</string>
			<key>sourceTree</key>
			<string>&lt;group&gt;</string>
		</dict>
		<key>D14380FD179551B900C829CE</key>
		<dict>
			<key>children</key>
			<array>
				<string>D14380FE179551B900C829CE</string>
				<string>D1438102179551B900C829CE</string>
				<string>D14380FF179551B900C829CE</string>
			</array>
			<key>isa</key>
			<string>PBXGroup</string>
			<key>name</key>
			<string>Supporting Files</string>
			<key>sourceTree</key>
			<string>&lt;group&gt;</string>
		</dict>
		<key>D14380FE179551B900C829CE</key>
		<dict>
			<key>isa</key>
			<string>PBXFileReference</string>
			<key>lastKnownFileType</key>
			<string>text.plist.xml</string>
			<key>path</key>
			<string>VVDocumenter-Xcode-Info.plist</string>
			<key>sourceTree</key>
			<string>&lt;group&gt;</string>
		</dict>
		<key>D14380FF179551B900C829CE</key>
		<dict>
			<key>children</key>
			<array>
				<string>D1438100179551B900C829CE</string>
			</array>
			<key>isa</key>
			<string>PBXVariantGroup</string>
			<key>name</key>
			<string>InfoPlist.strings</string>
			<key>sourceTree</key>
			<string>&lt;group&gt;</string>
		</dict>
		<key>D1438100179551B900C829CE</key>
		<dict>
			<key>isa</key>
			<string>PBXFileReference</string>
			<key>lastKnownFileType</key>
			<string>text.plist.strings</string>
			<key>name</key>
			<string>en</string>
			<key>path</key>
			<string>en.lproj/InfoPlist.strings</string>
			<key>sourceTree</key>
			<string>&lt;group&gt;</string>
		</dict>
		<key>D1438101179551B900C829CE</key>
		<dict>
			<key>fileRef</key>
			<string>D14380FF179551B900C829CE</string>
			<key>isa</key>
			<string>PBXBuildFile</string>
		</dict>
		<key>D1438102179551B900C829CE</key>
		<dict>
			<key>isa</key>
			<string>PBXFileReference</string>
			<key>lastKnownFileType</key>
			<string>sourcecode.c.h</string>
			<key>path</key>
			<string>VVDocumenter-Xcode-Prefix.pch</string>
			<key>sourceTree</key>
			<string>&lt;group&gt;</string>
		</dict>
		<key>D1438103179551B900C829CE</key>
		<dict>
			<key>buildSettings</key>
			<dict>
				<key>ALWAYS_SEARCH_USER_PATHS</key>
				<string>NO</string>
				<key>CLANG_CXX_LANGUAGE_STANDARD</key>
				<string>gnu++0x</string>
				<key>CLANG_CXX_LIBRARY</key>
				<string>libc++</string>
				<key>CLANG_WARN_CONSTANT_CONVERSION</key>
				<string>YES</string>
				<key>CLANG_WARN_EMPTY_BODY</key>
				<string>YES</string>
				<key>CLANG_WARN_ENUM_CONVERSION</key>
				<string>YES</string>
				<key>CLANG_WARN_INT_CONVERSION</key>
				<string>YES</string>
				<key>CLANG_WARN__DUPLICATE_METHOD_MATCH</key>
				<string>YES</string>
				<key>COPY_PHASE_STRIP</key>
				<string>NO</string>
				<key>GCC_C_LANGUAGE_STANDARD</key>
				<string>gnu99</string>
				<key>GCC_DYNAMIC_NO_PIC</key>
				<string>NO</string>
				<key>GCC_ENABLE_OBJC_EXCEPTIONS</key>
				<string>YES</string>
				<key>GCC_OPTIMIZATION_LEVEL</key>
				<string>0</string>
				<key>GCC_PREPROCESSOR_DEFINITIONS</key>
				<array>
					<string>DEBUG=1</string>
					<string>$(inherited)</string>
				</array>
				<key>GCC_SYMBOLS_PRIVATE_EXTERN</key>
				<string>NO</string>
				<key>GCC_WARN_64_TO_32_BIT_CONVERSION</key>
				<string>YES</string>
				<key>GCC_WARN_ABOUT_RETURN_TYPE</key>
				<string>YES</string>
				<key>GCC_WARN_UNINITIALIZED_AUTOS</key>
				<string>YES</string>
				<key>GCC_WARN_UNUSED_VARIABLE</key>
				<string>YES</string>
				<key>MACOSX_DEPLOYMENT_TARGET</key>
				<string>10.8</string>
				<key>ONLY_ACTIVE_ARCH</key>
				<string>YES</string>
				<key>SDKROOT</key>
				<string>macosx</string>
			</dict>
			<key>isa</key>
			<string>XCBuildConfiguration</string>
			<key>name</key>
			<string>Debug</string>
		</dict>
		<key>D1438104179551B900C829CE</key>
		<dict>
			<key>buildSettings</key>
			<dict>
				<key>ALWAYS_SEARCH_USER_PATHS</key>
				<string>NO</string>
				<key>CLANG_CXX_LANGUAGE_STANDARD</key>
				<string>gnu++0x</string>
				<key>CLANG_CXX_LIBRARY</key>
				<string>libc++</string>
				<key>CLANG_WARN_CONSTANT_CONVERSION</key>
				<string>YES</string>
				<key>CLANG_WARN_EMPTY_BODY</key>
				<string>YES</string>
				<key>CLANG_WARN_ENUM_CONVERSION</key>
				<string>YES</string>
				<key>CLANG_WARN_INT_CONVERSION</key>
				<string>YES</string>
				<key>CLANG_WARN__DUPLICATE_METHOD_MATCH</key>
				<string>YES</string>
				<key>COPY_PHASE_STRIP</key>
				<string>YES</string>
				<key>DEBUG_INFORMATION_FORMAT</key>
				<string>dwarf-with-dsym</string>
				<key>GCC_C_LANGUAGE_STANDARD</key>
				<string>gnu99</string>
				<key>GCC_ENABLE_OBJC_EXCEPTIONS</key>
				<string>YES</string>
				<key>GCC_WARN_64_TO_32_BIT_CONVERSION</key>
				<string>YES</string>
				<key>GCC_WARN_ABOUT_RETURN_TYPE</key>
				<string>YES</string>
				<key>GCC_WARN_UNINITIALIZED_AUTOS</key>
				<string>YES</string>
				<key>GCC_WARN_UNUSED_VARIABLE</key>
				<string>YES</string>
				<key>MACOSX_DEPLOYMENT_TARGET</key>
				<string>10.8</string>
				<key>SDKROOT</key>
				<string>macosx</string>
			</dict>
			<key>isa</key>
			<string>XCBuildConfiguration</string>
			<key>name</key>
			<string>Release</string>
		</dict>
		<key>D1438105179551B900C829CE</key>
		<dict>
			<key>buildConfigurations</key>
			<array>
				<string>D1438106179551B900C829CE</string>
				<string>D1438107179551B900C829CE</string>
			</array>
			<key>defaultConfigurationIsVisible</key>
			<string>0</string>
			<key>defaultConfigurationName</key>
			<string>Release</string>
			<key>isa</key>
			<string>XCConfigurationList</string>
		</dict>
		<key>D1438106179551B900C829CE</key>
		<dict>
			<key>buildSettings</key>
			<dict>
				<key>CLANG_ENABLE_OBJC_ARC</key>
				<string>YES</string>
				<key>COMBINE_HIDPI_IMAGES</key>
				<string>YES</string>
				<key>DEPLOYMENT_LOCATION</key>
				<string>YES</string>
				<key>DSTROOT</key>
				<string>${HOME}</string>
				<key>FRAMEWORK_SEARCH_PATHS</key>
				<string>$(inherited)</string>
				<key>GCC_ENABLE_OBJC_GC</key>
				<string>unsupported</string>
				<key>GCC_PRECOMPILE_PREFIX_HEADER</key>
				<string>YES</string>
				<key>GCC_PREFIX_HEADER</key>
				<string>VVDocumenter-Xcode/VVDocumenter-Xcode-Prefix.pch</string>
				<key>INFOPLIST_FILE</key>
				<string>VVDocumenter-Xcode/VVDocumenter-Xcode-Info.plist</string>
				<key>INSTALL_PATH</key>
				<string>/Library/Application Support/Developer/Shared/Xcode/Plug-ins</string>
				<key>PRODUCT_NAME</key>
				<string>$(TARGET_NAME)</string>
				<key>WRAPPER_EXTENSION</key>
				<string>xcplugin</string>
			</dict>
			<key>isa</key>
			<string>XCBuildConfiguration</string>
			<key>name</key>
			<string>Debug</string>
		</dict>
		<key>D1438107179551B900C829CE</key>
		<dict>
			<key>buildSettings</key>
			<dict>
				<key>CLANG_ENABLE_OBJC_ARC</key>
				<string>YES</string>
				<key>COMBINE_HIDPI_IMAGES</key>
				<string>YES</string>
				<key>DEPLOYMENT_LOCATION</key>
				<string>YES</string>
				<key>DSTROOT</key>
				<string>${HOME}</string>
				<key>FRAMEWORK_SEARCH_PATHS</key>
				<string>$(inherited)</string>
				<key>GCC_ENABLE_OBJC_GC</key>
				<string>unsupported</string>
				<key>GCC_PRECOMPILE_PREFIX_HEADER</key>
				<string>YES</string>
				<key>GCC_PREFIX_HEADER</key>
				<string>VVDocumenter-Xcode/VVDocumenter-Xcode-Prefix.pch</string>
				<key>INFOPLIST_FILE</key>
				<string>VVDocumenter-Xcode/VVDocumenter-Xcode-Info.plist</string>
				<key>INSTALL_PATH</key>
				<string>/Library/Application Support/Developer/Shared/Xcode/Plug-ins</string>
				<key>ONLY_ACTIVE_ARCH</key>
				<string>YES</string>
				<key>PRODUCT_NAME</key>
				<string>$(TARGET_NAME)</string>
				<key>WRAPPER_EXTENSION</key>
				<string>xcplugin</string>
			</dict>
			<key>isa</key>
			<string>XCBuildConfiguration</string>
			<key>name</key>
			<string>Release</string>
		</dict>
		<key>D16917DD17955C8D0036C06B</key>
		<dict>
			<key>isa</key>
			<string>PBXFileReference</string>
			<key>lastKnownFileType</key>
			<string>sourcecode.c.h</string>
			<key>path</key>
			<string>VVDocumenterManager.h</string>
			<key>sourceTree</key>
			<string>&lt;group&gt;</string>
		</dict>
		<key>D16917DE17955C8D0036C06B</key>
		<dict>
			<key>isa</key>
			<string>PBXFileReference</string>
			<key>lastKnownFileType</key>
			<string>sourcecode.c.objc</string>
			<key>path</key>
			<string>VVDocumenterManager.m</string>
			<key>sourceTree</key>
			<string>&lt;group&gt;</string>
		</dict>
		<key>D16AFCD11796E068006719AA</key>
		<dict>
			<key>children</key>
			<array>
				<string>D11C542C17999D9000D3DE38</string>
				<string>D11C542A17999D9000D3DE38</string>
				<string>D11C542B17999D9000D3DE38</string>
				<string>D16AFCD21796E088006719AA</string>
				<string>D16AFCD31796E088006719AA</string>
				<string>D16AFCD51796E09E006719AA</string>
				<string>D16AFCD61796E09E006719AA</string>
				<string>D16AFCD81796E0AC006719AA</string>
				<string>D16AFCD91796E0AC006719AA</string>
				<string>D16AFCDB1796E0B9006719AA</string>
				<string>D16AFCDC1796E0B9006719AA</string>
				<string>D13EDDD71987F34C0029A555</string>
				<string>D13EDDD81987F34C0029A555</string>
				<string>D1C6124619891B3700FDB554</string>
				<string>D1C6124719891B3700FDB554</string>
				<string>D1A6B1CE198A0D8600BCED83</string>
				<string>D1A6B1CF198A0D8600BCED83</string>
				<string>D16AFCDE1796E0C0006719AA</string>
				<string>D16AFCDF1796E0C0006719AA</string>
				<string>D16AFCE11796E0C9006719AA</string>
				<string>D16AFCE21796E0C9006719AA</string>
				<string>D16AFCE41796E0D0006719AA</string>
				<string>D16AFCE51796E0D0006719AA</string>
				<string>D16AFCE71796E0D6006719AA</string>
				<string>D16AFCE81796E0D6006719AA</string>
			</array>
			<key>isa</key>
			<string>PBXGroup</string>
			<key>path</key>
			<string>Commenter</string>
			<key>sourceTree</key>
			<string>&lt;group&gt;</string>
		</dict>
		<key>D16AFCD21796E088006719AA</key>
		<dict>
			<key>fileEncoding</key>
			<string>4</string>
			<key>isa</key>
			<string>PBXFileReference</string>
			<key>lastKnownFileType</key>
			<string>sourcecode.c.h</string>
			<key>path</key>
			<string>VVBaseCommenter.h</string>
			<key>sourceTree</key>
			<string>&lt;group&gt;</string>
		</dict>
		<key>D16AFCD31796E088006719AA</key>
		<dict>
			<key>fileEncoding</key>
			<string>4</string>
			<key>isa</key>
			<string>PBXFileReference</string>
			<key>lastKnownFileType</key>
			<string>sourcecode.c.objc</string>
			<key>path</key>
			<string>VVBaseCommenter.m</string>
			<key>sourceTree</key>
			<string>&lt;group&gt;</string>
		</dict>
		<key>D16AFCD41796E088006719AA</key>
		<dict>
			<key>fileRef</key>
			<string>D16AFCD31796E088006719AA</string>
			<key>isa</key>
			<string>PBXBuildFile</string>
		</dict>
		<key>D16AFCD51796E09E006719AA</key>
		<dict>
			<key>fileEncoding</key>
			<string>4</string>
			<key>isa</key>
			<string>PBXFileReference</string>
			<key>lastKnownFileType</key>
			<string>sourcecode.c.h</string>
			<key>path</key>
			<string>VVPropertyCommenter.h</string>
			<key>sourceTree</key>
			<string>&lt;group&gt;</string>
		</dict>
		<key>D16AFCD61796E09E006719AA</key>
		<dict>
			<key>fileEncoding</key>
			<string>4</string>
			<key>isa</key>
			<string>PBXFileReference</string>
			<key>lastKnownFileType</key>
			<string>sourcecode.c.objc</string>
			<key>path</key>
			<string>VVPropertyCommenter.m</string>
			<key>sourceTree</key>
			<string>&lt;group&gt;</string>
		</dict>
		<key>D16AFCD71796E09E006719AA</key>
		<dict>
			<key>fileRef</key>
			<string>D16AFCD61796E09E006719AA</string>
			<key>isa</key>
			<string>PBXBuildFile</string>
		</dict>
		<key>D16AFCD81796E0AC006719AA</key>
		<dict>
			<key>fileEncoding</key>
			<string>4</string>
			<key>isa</key>
			<string>PBXFileReference</string>
			<key>lastKnownFileType</key>
			<string>sourcecode.c.h</string>
			<key>path</key>
			<string>VVMethodCommenter.h</string>
			<key>sourceTree</key>
			<string>&lt;group&gt;</string>
		</dict>
		<key>D16AFCD91796E0AC006719AA</key>
		<dict>
			<key>fileEncoding</key>
			<string>4</string>
			<key>isa</key>
			<string>PBXFileReference</string>
			<key>lastKnownFileType</key>
			<string>sourcecode.c.objc</string>
			<key>path</key>
			<string>VVMethodCommenter.m</string>
			<key>sourceTree</key>
			<string>&lt;group&gt;</string>
		</dict>
		<key>D16AFCDA1796E0AC006719AA</key>
		<dict>
			<key>fileRef</key>
			<string>D16AFCD91796E0AC006719AA</string>
			<key>isa</key>
			<string>PBXBuildFile</string>
		</dict>
		<key>D16AFCDB1796E0B9006719AA</key>
		<dict>
			<key>fileEncoding</key>
			<string>4</string>
			<key>isa</key>
			<string>PBXFileReference</string>
			<key>lastKnownFileType</key>
			<string>sourcecode.c.h</string>
			<key>path</key>
			<string>VVFunctionCommenter.h</string>
			<key>sourceTree</key>
			<string>&lt;group&gt;</string>
		</dict>
		<key>D16AFCDC1796E0B9006719AA</key>
		<dict>
			<key>fileEncoding</key>
			<string>4</string>
			<key>isa</key>
			<string>PBXFileReference</string>
			<key>lastKnownFileType</key>
			<string>sourcecode.c.objc</string>
			<key>path</key>
			<string>VVFunctionCommenter.m</string>
			<key>sourceTree</key>
			<string>&lt;group&gt;</string>
		</dict>
		<key>D16AFCDD1796E0B9006719AA</key>
		<dict>
			<key>fileRef</key>
			<string>D16AFCDC1796E0B9006719AA</string>
			<key>isa</key>
			<string>PBXBuildFile</string>
		</dict>
		<key>D16AFCDE1796E0C0006719AA</key>
		<dict>
			<key>fileEncoding</key>
			<string>4</string>
			<key>isa</key>
			<string>PBXFileReference</string>
			<key>lastKnownFileType</key>
			<string>sourcecode.c.h</string>
			<key>path</key>
			<string>VVMacroCommenter.h</string>
			<key>sourceTree</key>
			<string>&lt;group&gt;</string>
		</dict>
		<key>D16AFCDF1796E0C0006719AA</key>
		<dict>
			<key>fileEncoding</key>
			<string>4</string>
			<key>isa</key>
			<string>PBXFileReference</string>
			<key>lastKnownFileType</key>
			<string>sourcecode.c.objc</string>
			<key>path</key>
			<string>VVMacroCommenter.m</string>
			<key>sourceTree</key>
			<string>&lt;group&gt;</string>
		</dict>
		<key>D16AFCE01796E0C0006719AA</key>
		<dict>
			<key>fileRef</key>
			<string>D16AFCDF1796E0C0006719AA</string>
			<key>isa</key>
			<string>PBXBuildFile</string>
		</dict>
		<key>D16AFCE11796E0C9006719AA</key>
		<dict>
			<key>fileEncoding</key>
			<string>4</string>
			<key>isa</key>
			<string>PBXFileReference</string>
			<key>lastKnownFileType</key>
			<string>sourcecode.c.h</string>
			<key>path</key>
			<string>VVStructCommenter.h</string>
			<key>sourceTree</key>
			<string>&lt;group&gt;</string>
		</dict>
		<key>D16AFCE21796E0C9006719AA</key>
		<dict>
			<key>fileEncoding</key>
			<string>4</string>
			<key>isa</key>
			<string>PBXFileReference</string>
			<key>lastKnownFileType</key>
			<string>sourcecode.c.objc</string>
			<key>path</key>
			<string>VVStructCommenter.m</string>
			<key>sourceTree</key>
			<string>&lt;group&gt;</string>
		</dict>
		<key>D16AFCE31796E0C9006719AA</key>
		<dict>
			<key>fileRef</key>
			<string>D16AFCE21796E0C9006719AA</string>
			<key>isa</key>
			<string>PBXBuildFile</string>
		</dict>
		<key>D16AFCE41796E0D0006719AA</key>
		<dict>
			<key>fileEncoding</key>
			<string>4</string>
			<key>isa</key>
			<string>PBXFileReference</string>
			<key>lastKnownFileType</key>
			<string>sourcecode.c.h</string>
			<key>path</key>
			<string>VVEnumCommenter.h</string>
			<key>sourceTree</key>
			<string>&lt;group&gt;</string>
		</dict>
		<key>D16AFCE51796E0D0006719AA</key>
		<dict>
			<key>fileEncoding</key>
			<string>4</string>
			<key>isa</key>
			<string>PBXFileReference</string>
			<key>lastKnownFileType</key>
			<string>sourcecode.c.objc</string>
			<key>path</key>
			<string>VVEnumCommenter.m</string>
			<key>sourceTree</key>
			<string>&lt;group&gt;</string>
		</dict>
		<key>D16AFCE61796E0D0006719AA</key>
		<dict>
			<key>fileRef</key>
			<string>D16AFCE51796E0D0006719AA</string>
			<key>isa</key>
			<string>PBXBuildFile</string>
		</dict>
		<key>D16AFCE71796E0D6006719AA</key>
		<dict>
			<key>fileEncoding</key>
			<string>4</string>
			<key>isa</key>
			<string>PBXFileReference</string>
			<key>lastKnownFileType</key>
			<string>sourcecode.c.h</string>
			<key>path</key>
			<string>VVVariableCommenter.h</string>
			<key>sourceTree</key>
			<string>&lt;group&gt;</string>
		</dict>
		<key>D16AFCE81796E0D6006719AA</key>
		<dict>
			<key>fileEncoding</key>
			<string>4</string>
			<key>isa</key>
			<string>PBXFileReference</string>
			<key>lastKnownFileType</key>
			<string>sourcecode.c.objc</string>
			<key>path</key>
			<string>VVVariableCommenter.m</string>
			<key>sourceTree</key>
			<string>&lt;group&gt;</string>
		</dict>
		<key>D16AFCE91796E0D6006719AA</key>
		<dict>
			<key>fileRef</key>
			<string>D16AFCE81796E0D6006719AA</string>
			<key>isa</key>
			<string>PBXBuildFile</string>
		</dict>
		<key>D1737634198A4C5400FE2355</key>
		<dict>
			<key>children</key>
			<array>
				<string>D1737635198A4C8A00FE2355</string>
				<string>D1737636198A4C8A00FE2355</string>
			</array>
			<key>isa</key>
			<string>PBXGroup</string>
			<key>path</key>
			<string>NSString+VVTextGetter</string>
			<key>sourceTree</key>
			<string>&lt;group&gt;</string>
		</dict>
		<key>D1737635198A4C8A00FE2355</key>
		<dict>
			<key>fileEncoding</key>
			<string>4</string>
			<key>isa</key>
			<string>PBXFileReference</string>
			<key>lastKnownFileType</key>
			<string>sourcecode.c.h</string>
			<key>path</key>
			<string>NSString+VVTextGetter.h</string>
			<key>sourceTree</key>
			<string>&lt;group&gt;</string>
		</dict>
		<key>D1737636198A4C8A00FE2355</key>
		<dict>
			<key>fileEncoding</key>
			<string>4</string>
			<key>isa</key>
			<string>PBXFileReference</string>
			<key>lastKnownFileType</key>
			<string>sourcecode.c.objc</string>
			<key>path</key>
			<string>NSString+VVTextGetter.m</string>
			<key>sourceTree</key>
			<string>&lt;group&gt;</string>
		</dict>
		<key>D1737637198A4C8A00FE2355</key>
		<dict>
			<key>fileRef</key>
			<string>D1737636198A4C8A00FE2355</string>
			<key>isa</key>
			<string>PBXBuildFile</string>
		</dict>
		<key>D1737638198A4CF700FE2355</key>
		<dict>
			<key>fileEncoding</key>
			<string>4</string>
			<key>isa</key>
			<string>PBXFileReference</string>
			<key>lastKnownFileType</key>
			<string>sourcecode.c.h</string>
			<key>path</key>
			<string>VVTextResult.h</string>
			<key>sourceTree</key>
			<string>&lt;group&gt;</string>
		</dict>
		<key>D1737639198A4CF700FE2355</key>
		<dict>
			<key>fileEncoding</key>
			<string>4</string>
			<key>isa</key>
			<string>PBXFileReference</string>
			<key>lastKnownFileType</key>
			<string>sourcecode.c.objc</string>
			<key>path</key>
			<string>VVTextResult.m</string>
			<key>sourceTree</key>
			<string>&lt;group&gt;</string>
		</dict>
		<key>D173763A198A4CF700FE2355</key>
		<dict>
			<key>fileRef</key>
			<string>D1737639198A4CF700FE2355</string>
			<key>isa</key>
			<string>PBXBuildFile</string>
		</dict>
		<key>D173763B198A53C000FE2355</key>
		<dict>
			<key>fileRef</key>
			<string>D1737636198A4C8A00FE2355</string>
			<key>isa</key>
			<string>PBXBuildFile</string>
		</dict>
		<key>D173763C198A53C000FE2355</key>
		<dict>
			<key>fileRef</key>
			<string>D1737639198A4CF700FE2355</string>
			<key>isa</key>
			<string>PBXBuildFile</string>
		</dict>
		<key>D18224DC17956290001A5E8A</key>
		<dict>
			<key>fileRef</key>
			<string>D16917DE17955C8D0036C06B</string>
			<key>isa</key>
			<string>PBXBuildFile</string>
		</dict>
		<key>D193B8C917AC0C2400D2D76A</key>
		<dict>
			<key>children</key>
			<array>
				<string>D124614217AC16820095F9D6</string>
				<string>D124614317AC16820095F9D6</string>
				<string>D124614417AC16820095F9D6</string>
				<string>D124614517AC16820095F9D6</string>
				<string>D124614617AC16820095F9D6</string>
			</array>
			<key>isa</key>
			<string>PBXGroup</string>
			<key>name</key>
			<string>Setting</string>
			<key>path</key>
			<string>SettingPanel</string>
			<key>sourceTree</key>
			<string>&lt;group&gt;</string>
		</dict>
		<key>D1986F71179A12BD00EA6643</key>
		<dict>
			<key>children</key>
			<array>
				<string>D1986F73179A12BD00EA6643</string>
			</array>
			<key>isa</key>
			<string>PBXGroup</string>
			<key>path</key>
			<string>CommenterTests</string>
			<key>sourceTree</key>
			<string>&lt;group&gt;</string>
		</dict>
		<key>D1986F73179A12BD00EA6643</key>
		<dict>
			<key>fileEncoding</key>
			<string>4</string>
			<key>isa</key>
			<string>PBXFileReference</string>
			<key>lastKnownFileType</key>
			<string>sourcecode.c.objc</string>
			<key>path</key>
			<string>CommenterTests.m</string>
			<key>sourceTree</key>
			<string>&lt;group&gt;</string>
		</dict>
		<key>D1986F74179A12BD00EA6643</key>
		<dict>
			<key>fileRef</key>
			<string>D1986F73179A12BD00EA6643</string>
			<key>isa</key>
			<string>PBXBuildFile</string>
		</dict>
		<key>D1A6B1CE198A0D8600BCED83</key>
		<dict>
			<key>fileEncoding</key>
			<string>4</string>
			<key>isa</key>
			<string>PBXFileReference</string>
			<key>lastKnownFileType</key>
			<string>sourcecode.c.h</string>
			<key>path</key>
			<string>VVSwiftPropertyCommenter.h</string>
			<key>sourceTree</key>
			<string>&lt;group&gt;</string>
		</dict>
		<key>D1A6B1CF198A0D8600BCED83</key>
		<dict>
			<key>fileEncoding</key>
			<string>4</string>
			<key>isa</key>
			<string>PBXFileReference</string>
			<key>lastKnownFileType</key>
			<string>sourcecode.c.objc</string>
			<key>path</key>
			<string>VVSwiftPropertyCommenter.m</string>
			<key>sourceTree</key>
			<string>&lt;group&gt;</string>
		</dict>
		<key>D1A6B1D0198A0D8600BCED83</key>
		<dict>
			<key>fileRef</key>
			<string>D1A6B1CF198A0D8600BCED83</string>
			<key>isa</key>
			<string>PBXBuildFile</string>
		</dict>
		<key>D1A6B1D1198A0D8600BCED83</key>
		<dict>
			<key>fileRef</key>
			<string>D1A6B1CF198A0D8600BCED83</string>
			<key>isa</key>
			<string>PBXBuildFile</string>
		</dict>
		<key>D1AC3B8D1796DB070063A484</key>
		<dict>
			<key>fileEncoding</key>
			<string>4</string>
			<key>isa</key>
			<string>PBXFileReference</string>
			<key>lastKnownFileType</key>
			<string>sourcecode.c.h</string>
			<key>path</key>
			<string>VVDocumenter.h</string>
			<key>sourceTree</key>
			<string>&lt;group&gt;</string>
		</dict>
		<key>D1AC3B8E1796DB070063A484</key>
		<dict>
			<key>fileEncoding</key>
			<string>4</string>
			<key>isa</key>
			<string>PBXFileReference</string>
			<key>lastKnownFileType</key>
			<string>sourcecode.c.objc</string>
			<key>path</key>
			<string>VVDocumenter.m</string>
			<key>sourceTree</key>
			<string>&lt;group&gt;</string>
		</dict>
		<key>D1AC3B8F1796DB070063A484</key>
		<dict>
			<key>fileRef</key>
			<string>D1AC3B8E1796DB070063A484</string>
			<key>isa</key>
			<string>PBXBuildFile</string>
		</dict>
		<key>D1B316D2189A2A5900420A6E</key>
		<dict>
			<key>children</key>
			<array>
				<string>D1B316D5189A2AA700420A6E</string>
			</array>
			<key>isa</key>
			<string>PBXGroup</string>
			<key>path</key>
			<string>DocumenterTests</string>
			<key>sourceTree</key>
			<string>&lt;group&gt;</string>
		</dict>
		<key>D1B316D5189A2AA700420A6E</key>
		<dict>
			<key>fileEncoding</key>
			<string>4</string>
			<key>isa</key>
			<string>PBXFileReference</string>
			<key>lastKnownFileType</key>
			<string>text.plist.xml</string>
			<key>path</key>
			<string>VVMethodTestsCode.plist</string>
			<key>sourceTree</key>
			<string>&lt;group&gt;</string>
		</dict>
		<key>D1B316D6189A2AA700420A6E</key>
		<dict>
			<key>fileRef</key>
			<string>D1B316D5189A2AA700420A6E</string>
			<key>isa</key>
			<string>PBXBuildFile</string>
		</dict>
		<key>D1C462D517999C2000EB7B23</key>
		<dict>
			<key>buildActionMask</key>
			<string>2147483647</string>
			<key>files</key>
			<array>
				<string>D173763B198A53C000FE2355</string>
				<string>D173763C198A53C000FE2355</string>
				<string>D14110B81988C14500A7083F</string>
				<string>D14110B91988C14500A7083F</string>
				<string>D14110B21988C12F00A7083F</string>
				<string>D14110B31988C12F00A7083F</string>
				<string>D14110B41988C12F00A7083F</string>
				<string>D1A6B1D1198A0D8600BCED83</string>
				<string>D14110B51988C12F00A7083F</string>
				<string>D14110B61988C12F00A7083F</string>
				<string>D14110B71988C12F00A7083F</string>
				<string>D14110A81988C12000A7083F</string>
				<string>D1C6124919891B3700FDB554</string>
				<string>D14110A91988C12000A7083F</string>
				<string>D14110AA1988C12000A7083F</string>
				<string>D14110AB1988C12000A7083F</string>
				<string>D14110AC1988C12000A7083F</string>
				<string>D14110AD1988C12000A7083F</string>
				<string>D14110AE1988C12000A7083F</string>
				<string>D14110AF1988C12000A7083F</string>
				<string>D14110B01988C12000A7083F</string>
				<string>D14110B11988C12000A7083F</string>
				<string>D14110A71988C08700A7083F</string>
				<string>D14110A61988C07E00A7083F</string>
				<string>D1C462F117999CA200EB7B23</string>
				<string>D1986F74179A12BD00EA6643</string>
			</array>
			<key>isa</key>
			<string>PBXSourcesBuildPhase</string>
			<key>runOnlyForDeploymentPostprocessing</key>
			<string>0</string>
		</dict>
		<key>D1C462D617999C2000EB7B23</key>
		<dict>
			<key>buildActionMask</key>
			<string>2147483647</string>
			<key>files</key>
			<array>
				<string>D14070C418CE8819009B0EED</string>
				<string>53C67935184501030030C553</string>
				<string>D1C462DD17999C2000EB7B23</string>
			</array>
			<key>isa</key>
			<string>PBXFrameworksBuildPhase</string>
			<key>runOnlyForDeploymentPostprocessing</key>
			<string>0</string>
		</dict>
		<key>D1C462D717999C2000EB7B23</key>
		<dict>
			<key>buildActionMask</key>
			<string>2147483647</string>
			<key>files</key>
			<array>
				<string>D1B316D6189A2AA700420A6E</string>
				<string>D1C462E317999C2000EB7B23</string>
			</array>
			<key>isa</key>
			<string>PBXResourcesBuildPhase</string>
			<key>runOnlyForDeploymentPostprocessing</key>
			<string>0</string>
		</dict>
		<key>D1C462D817999C2000EB7B23</key>
		<dict>
			<key>buildActionMask</key>
			<string>2147483647</string>
			<key>files</key>
			<array/>
			<key>inputPaths</key>
			<array/>
			<key>isa</key>
			<string>PBXShellScriptBuildPhase</string>
			<key>outputPaths</key>
			<array/>
			<key>runOnlyForDeploymentPostprocessing</key>
			<string>0</string>
			<key>shellPath</key>
			<string>/bin/sh</string>
			<key>shellScript</key>
			<string># Run the unit tests in this test bundle.
"${SYSTEM_DEVELOPER_DIR}/Tools/RunUnitTests"
</string>
		</dict>
		<key>D1C462D917999C2000EB7B23</key>
		<dict>
			<key>buildConfigurationList</key>
			<string>D1C462EA17999C2000EB7B23</string>
			<key>buildPhases</key>
			<array>
				<string>D1C462D517999C2000EB7B23</string>
				<string>D1C462D617999C2000EB7B23</string>
				<string>D1C462D717999C2000EB7B23</string>
				<string>D1C462D817999C2000EB7B23</string>
			</array>
			<key>buildRules</key>
			<array/>
			<key>dependencies</key>
			<array/>
			<key>isa</key>
			<string>PBXNativeTarget</string>
			<key>name</key>
			<string>VVDocumenterTests</string>
			<key>productName</key>
			<string>VVDocumenterTests</string>
			<key>productReference</key>
			<string>D1C462DA17999C2000EB7B23</string>
			<key>productType</key>
			<string>com.apple.product-type.bundle.unit-test</string>
		</dict>
		<key>D1C462DA17999C2000EB7B23</key>
		<dict>
			<key>explicitFileType</key>
			<string>wrapper.cfbundle</string>
			<key>includeInIndex</key>
			<string>0</string>
			<key>isa</key>
			<string>PBXFileReference</string>
			<key>path</key>
			<string>VVDocumenterTests.xctest</string>
			<key>sourceTree</key>
			<string>BUILT_PRODUCTS_DIR</string>
		</dict>
		<key>D1C462DD17999C2000EB7B23</key>
		<dict>
			<key>fileRef</key>
			<string>D14380F6179551B900C829CE</string>
			<key>isa</key>
			<string>PBXBuildFile</string>
		</dict>
		<key>D1C462DE17999C2000EB7B23</key>
		<dict>
			<key>children</key>
			<array>
				<string>D1B316D2189A2A5900420A6E</string>
				<string>D1986F71179A12BD00EA6643</string>
				<string>D1C462EE17999CA200EB7B23</string>
				<string>D1C462EB17999C9A00EB7B23</string>
				<string>D1C462EC17999C9A00EB7B23</string>
				<string>D1C462E517999C2000EB7B23</string>
				<string>D1C462DF17999C2000EB7B23</string>
			</array>
			<key>isa</key>
			<string>PBXGroup</string>
			<key>path</key>
			<string>VVDocumenterTests</string>
			<key>sourceTree</key>
			<string>&lt;group&gt;</string>
		</dict>
		<key>D1C462DF17999C2000EB7B23</key>
		<dict>
			<key>children</key>
			<array>
				<string>D1C462E017999C2000EB7B23</string>
				<string>D1C462E117999C2000EB7B23</string>
				<string>D1C462E717999C2000EB7B23</string>
			</array>
			<key>isa</key>
			<string>PBXGroup</string>
			<key>name</key>
			<string>Supporting Files</string>
			<key>sourceTree</key>
			<string>&lt;group&gt;</string>
		</dict>
		<key>D1C462E017999C2000EB7B23</key>
		<dict>
			<key>isa</key>
			<string>PBXFileReference</string>
			<key>lastKnownFileType</key>
			<string>text.plist.xml</string>
			<key>path</key>
			<string>VVDocumenterTests-Info.plist</string>
			<key>sourceTree</key>
			<string>&lt;group&gt;</string>
		</dict>
		<key>D1C462E117999C2000EB7B23</key>
		<dict>
			<key>children</key>
			<array>
				<string>D1C462E217999C2000EB7B23</string>
			</array>
			<key>isa</key>
			<string>PBXVariantGroup</string>
			<key>name</key>
			<string>InfoPlist.strings</string>
			<key>sourceTree</key>
			<string>&lt;group&gt;</string>
		</dict>
		<key>D1C462E217999C2000EB7B23</key>
		<dict>
			<key>isa</key>
			<string>PBXFileReference</string>
			<key>lastKnownFileType</key>
			<string>text.plist.strings</string>
			<key>name</key>
			<string>en</string>
			<key>path</key>
			<string>en.lproj/InfoPlist.strings</string>
			<key>sourceTree</key>
			<string>&lt;group&gt;</string>
		</dict>
		<key>D1C462E317999C2000EB7B23</key>
		<dict>
			<key>fileRef</key>
			<string>D1C462E117999C2000EB7B23</string>
			<key>isa</key>
			<string>PBXBuildFile</string>
		</dict>
		<key>D1C462E517999C2000EB7B23</key>
		<dict>
			<key>isa</key>
			<string>PBXFileReference</string>
			<key>lastKnownFileType</key>
			<string>sourcecode.c.objc</string>
			<key>path</key>
			<string>VVDocumenterTests.m</string>
			<key>sourceTree</key>
			<string>&lt;group&gt;</string>
		</dict>
		<key>D1C462E717999C2000EB7B23</key>
		<dict>
			<key>isa</key>
			<string>PBXFileReference</string>
			<key>lastKnownFileType</key>
			<string>sourcecode.c.h</string>
			<key>path</key>
			<string>VVDocumenterTests-Prefix.pch</string>
			<key>sourceTree</key>
			<string>&lt;group&gt;</string>
		</dict>
		<key>D1C462E817999C2000EB7B23</key>
		<dict>
			<key>buildSettings</key>
			<dict>
				<key>CLANG_ENABLE_OBJC_ARC</key>
				<string>YES</string>
				<key>COMBINE_HIDPI_IMAGES</key>
				<string>YES</string>
				<key>FRAMEWORK_SEARCH_PATHS</key>
				<array>
					<string>$(DEVELOPER_DIR)/../SharedFrameworks</string>
					<string>$(DEVELOPER_LIBRARY_DIR)/Frameworks</string>
					<string>$(inherited)</string>
					<string>$(DEVELOPER_FRAMEWORKS_DIR)</string>
				</array>
				<key>GCC_PRECOMPILE_PREFIX_HEADER</key>
				<string>YES</string>
				<key>GCC_PREFIX_HEADER</key>
				<string>VVDocumenterTests/VVDocumenterTests-Prefix.pch</string>
				<key>GCC_PREPROCESSOR_DEFINITIONS</key>
				<array>
					<string>DEBUG=1</string>
					<string>$(inherited)</string>
					<string>__DEBUG__</string>
				</array>
				<key>INFOPLIST_FILE</key>
				<string>VVDocumenterTests/VVDocumenterTests-Info.plist</string>
				<key>PRODUCT_NAME</key>
				<string>$(TARGET_NAME)</string>
			</dict>
			<key>isa</key>
			<string>XCBuildConfiguration</string>
			<key>name</key>
			<string>Debug</string>
		</dict>
		<key>D1C462E917999C2000EB7B23</key>
		<dict>
			<key>buildSettings</key>
			<dict>
				<key>CLANG_ENABLE_OBJC_ARC</key>
				<string>YES</string>
				<key>COMBINE_HIDPI_IMAGES</key>
				<string>YES</string>
				<key>FRAMEWORK_SEARCH_PATHS</key>
				<array>
					<string>$(DEVELOPER_DIR)/../SharedFrameworks</string>
					<string>$(DEVELOPER_LIBRARY_DIR)/Frameworks</string>
					<string>$(inherited)</string>
					<string>$(DEVELOPER_FRAMEWORKS_DIR)</string>
				</array>
				<key>GCC_PRECOMPILE_PREFIX_HEADER</key>
				<string>YES</string>
				<key>GCC_PREFIX_HEADER</key>
				<string>VVDocumenterTests/VVDocumenterTests-Prefix.pch</string>
				<key>INFOPLIST_FILE</key>
				<string>VVDocumenterTests/VVDocumenterTests-Info.plist</string>
				<key>PRODUCT_NAME</key>
				<string>$(TARGET_NAME)</string>
			</dict>
			<key>isa</key>
			<string>XCBuildConfiguration</string>
			<key>name</key>
			<string>Release</string>
		</dict>
		<key>D1C462EA17999C2000EB7B23</key>
		<dict>
			<key>buildConfigurations</key>
			<array>
				<string>D1C462E817999C2000EB7B23</string>
				<string>D1C462E917999C2000EB7B23</string>
			</array>
			<key>defaultConfigurationIsVisible</key>
			<string>0</string>
			<key>defaultConfigurationName</key>
			<string>Release</string>
			<key>isa</key>
			<string>XCConfigurationList</string>
		</dict>
		<key>D1C462EB17999C9A00EB7B23</key>
		<dict>
			<key>fileEncoding</key>
			<string>4</string>
			<key>isa</key>
			<string>PBXFileReference</string>
			<key>lastKnownFileType</key>
			<string>sourcecode.c.h</string>
			<key>path</key>
			<string>VVTestHelper.h</string>
			<key>sourceTree</key>
			<string>&lt;group&gt;</string>
		</dict>
		<key>D1C462EC17999C9A00EB7B23</key>
		<dict>
			<key>fileEncoding</key>
			<string>4</string>
			<key>isa</key>
			<string>PBXFileReference</string>
			<key>lastKnownFileType</key>
			<string>sourcecode.c.objc</string>
			<key>path</key>
			<string>VVTestHelper.m</string>
			<key>sourceTree</key>
			<string>&lt;group&gt;</string>
		</dict>
		<key>D1C462EE17999CA200EB7B23</key>
		<dict>
			<key>children</key>
			<array>
				<string>D1C462F017999CA200EB7B23</string>
			</array>
			<key>isa</key>
			<string>PBXGroup</string>
			<key>path</key>
			<string>SyntaxTests</string>
			<key>sourceTree</key>
			<string>&lt;group&gt;</string>
		</dict>
		<key>D1C462F017999CA200EB7B23</key>
		<dict>
			<key>fileEncoding</key>
			<string>4</string>
			<key>isa</key>
			<string>PBXFileReference</string>
			<key>lastKnownFileType</key>
			<string>sourcecode.c.objc</string>
			<key>path</key>
			<string>SyntaxTests.m</string>
			<key>sourceTree</key>
			<string>&lt;group&gt;</string>
		</dict>
		<key>D1C462F117999CA200EB7B23</key>
		<dict>
			<key>fileRef</key>
			<string>D1C462F017999CA200EB7B23</string>
			<key>isa</key>
			<string>PBXBuildFile</string>
		</dict>
		<key>D1C462F217999CEC00EB7B23</key>
		<dict>
			<key>children</key>
			<array>
				<string>D1C462F317999CEC00EB7B23</string>
				<string>D1C462F417999CEC00EB7B23</string>
			</array>
			<key>isa</key>
			<string>PBXGroup</string>
			<key>path</key>
			<string>NSString+VVSyntax</string>
			<key>sourceTree</key>
			<string>&lt;group&gt;</string>
		</dict>
		<key>D1C462F317999CEC00EB7B23</key>
		<dict>
			<key>fileEncoding</key>
			<string>4</string>
			<key>isa</key>
			<string>PBXFileReference</string>
			<key>lastKnownFileType</key>
			<string>sourcecode.c.h</string>
			<key>path</key>
			<string>NSString+VVSyntax.h</string>
			<key>sourceTree</key>
			<string>&lt;group&gt;</string>
		</dict>
		<key>D1C462F417999CEC00EB7B23</key>
		<dict>
			<key>fileEncoding</key>
			<string>4</string>
			<key>isa</key>
			<string>PBXFileReference</string>
			<key>lastKnownFileType</key>
			<string>sourcecode.c.objc</string>
			<key>path</key>
			<string>NSString+VVSyntax.m</string>
			<key>sourceTree</key>
			<string>&lt;group&gt;</string>
		</dict>
		<key>D1C462F517999CEC00EB7B23</key>
		<dict>
			<key>fileRef</key>
			<string>D1C462F417999CEC00EB7B23</string>
			<key>isa</key>
			<string>PBXBuildFile</string>
		</dict>
		<key>D1C6124619891B3700FDB554</key>
		<dict>
			<key>fileEncoding</key>
			<string>4</string>
			<key>isa</key>
			<string>PBXFileReference</string>
			<key>lastKnownFileType</key>
			<string>sourcecode.c.h</string>
			<key>path</key>
			<string>VVSwiftEnumCommenter.h</string>
			<key>sourceTree</key>
			<string>&lt;group&gt;</string>
		</dict>
		<key>D1C6124719891B3700FDB554</key>
		<dict>
			<key>fileEncoding</key>
			<string>4</string>
			<key>isa</key>
			<string>PBXFileReference</string>
			<key>lastKnownFileType</key>
			<string>sourcecode.c.objc</string>
			<key>path</key>
			<string>VVSwiftEnumCommenter.m</string>
			<key>sourceTree</key>
			<string>&lt;group&gt;</string>
		</dict>
		<key>D1C6124819891B3700FDB554</key>
		<dict>
			<key>fileRef</key>
			<string>D1C6124719891B3700FDB554</string>
			<key>isa</key>
			<string>PBXBuildFile</string>
		</dict>
		<key>D1C6124919891B3700FDB554</key>
		<dict>
			<key>fileRef</key>
			<string>D1C6124719891B3700FDB554</string>
			<key>isa</key>
			<string>PBXBuildFile</string>
		</dict>
		<key>D1D66CA517A2AED700E62F99</key>
		<dict>
			<key>children</key>
			<array>
				<string>D1D66CA617A2AEF000E62F99</string>
				<string>D1D66CA717A2AEF000E62F99</string>
			</array>
			<key>isa</key>
			<string>PBXGroup</string>
			<key>path</key>
			<string>KeyboardHelper</string>
			<key>sourceTree</key>
			<string>&lt;group&gt;</string>
		</dict>
		<key>D1D66CA617A2AEF000E62F99</key>
		<dict>
			<key>fileEncoding</key>
			<string>4</string>
			<key>isa</key>
			<string>PBXFileReference</string>
			<key>lastKnownFileType</key>
			<string>sourcecode.c.h</string>
			<key>path</key>
			<string>VVKeyboardEventSender.h</string>
			<key>sourceTree</key>
			<string>&lt;group&gt;</string>
		</dict>
		<key>D1D66CA717A2AEF000E62F99</key>
		<dict>
			<key>fileEncoding</key>
			<string>4</string>
			<key>isa</key>
			<string>PBXFileReference</string>
			<key>lastKnownFileType</key>
			<string>sourcecode.c.objc</string>
			<key>path</key>
			<string>VVKeyboardEventSender.m</string>
			<key>sourceTree</key>
			<string>&lt;group&gt;</string>
		</dict>
		<key>D1D66CA817A2AEF000E62F99</key>
		<dict>
			<key>fileRef</key>
			<string>D1D66CA717A2AEF000E62F99</string>
			<key>isa</key>
			<string>PBXBuildFile</string>
		</dict>
	</dict>
	<key>rootObject</key>
	<string>D14380EB179551B900C829CE</string>
</dict>
</plist>
